
Microsoft Visual Studio Solution File, Format Version 12.00
# Visual Studio Version 17
VisualStudioVersion = 17.9.34701.34
MinimumVisualStudioVersion = 10.0.40219.1
Project("{9A19103F-16F7-4668-BE54-9A1E7A4F7556}") = "AutoFact", "AutoFact\AutoFact.csproj", "{F75FF14B-A3DF-41F2-B79C-DB9B9EC61AB9}"
EndProject
Project("{54435603-DBB4-11D2-8724-00A0C9A8B90C}") = "AutoFactSetup", "AutoFactSetup\AutoFactSetup.vdproj", "{A4E1B598-F28E-47DE-B3F6-AA23D9DBBC2B}"
EndProject
Global
	GlobalSection(SolutionConfigurationPlatforms) = preSolution
		Debug|Any CPU = Debug|Any CPU
		Debug|ARM = Debug|ARM
		Debug|ARM64 = Debug|ARM64
		Debug|x64 = Debug|x64
		Debug|x86 = Debug|x86
		Release|Any CPU = Release|Any CPU
		Release|ARM = Release|ARM
		Release|ARM64 = Release|ARM64
		Release|x64 = Release|x64
		Release|x86 = Release|x86
	EndGlobalSection
	GlobalSection(ProjectConfigurationPlatforms) = postSolution
		{F75FF14B-A3DF-41F2-B79C-DB9B9EC61AB9}.Debug|Any CPU.ActiveCfg = Debug|Any CPU
		{F75FF14B-A3DF-41F2-B79C-DB9B9EC61AB9}.Debug|Any CPU.Build.0 = Debug|Any CPU
		{F75FF14B-A3DF-41F2-B79C-DB9B9EC61AB9}.Debug|ARM.ActiveCfg = Debug|Any CPU
		{F75FF14B-A3DF-41F2-B79C-DB9B9EC61AB9}.Debug|ARM.Build.0 = Debug|Any CPU
		{F75FF14B-A3DF-41F2-B79C-DB9B9EC61AB9}.Debug|ARM64.ActiveCfg = Debug|Any CPU
		{F75FF14B-A3DF-41F2-B79C-DB9B9EC61AB9}.Debug|ARM64.Build.0 = Debug|Any CPU
		{F75FF14B-A3DF-41F2-B79C-DB9B9EC61AB9}.Debug|x64.ActiveCfg = Debug|Any CPU
		{F75FF14B-A3DF-41F2-B79C-DB9B9EC61AB9}.Debug|x64.Build.0 = Debug|Any CPU
		{F75FF14B-A3DF-41F2-B79C-DB9B9EC61AB9}.Debug|x86.ActiveCfg = Debug|Any CPU
		{F75FF14B-A3DF-41F2-B79C-DB9B9EC61AB9}.Debug|x86.Build.0 = Debug|Any CPU
		{F75FF14B-A3DF-41F2-B79C-DB9B9EC61AB9}.Release|Any CPU.ActiveCfg = Release|Any CPU
		{F75FF14B-A3DF-41F2-B79C-DB9B9EC61AB9}.Release|Any CPU.Build.0 = Release|Any CPU
		{F75FF14B-A3DF-41F2-B79C-DB9B9EC61AB9}.Release|ARM.ActiveCfg = Release|Any CPU
		{F75FF14B-A3DF-41F2-B79C-DB9B9EC61AB9}.Release|ARM.Build.0 = Release|Any CPU
		{F75FF14B-A3DF-41F2-B79C-DB9B9EC61AB9}.Release|ARM64.ActiveCfg = Release|Any CPU
		{F75FF14B-A3DF-41F2-B79C-DB9B9EC61AB9}.Release|ARM64.Build.0 = Release|Any CPU
		{F75FF14B-A3DF-41F2-B79C-DB9B9EC61AB9}.Release|x64.ActiveCfg = Release|Any CPU
		{F75FF14B-A3DF-41F2-B79C-DB9B9EC61AB9}.Release|x64.Build.0 = Release|Any CPU
		{F75FF14B-A3DF-41F2-B79C-DB9B9EC61AB9}.Release|x86.ActiveCfg = Release|Any CPU
		{F75FF14B-A3DF-41F2-B79C-DB9B9EC61AB9}.Release|x86.Build.0 = Release|Any CPU
		{A4E1B598-F28E-47DE-B3F6-AA23D9DBBC2B}.Debug|Any CPU.ActiveCfg = Debug
		{A4E1B598-F28E-47DE-B3F6-AA23D9DBBC2B}.Debug|ARM.ActiveCfg = Debug
		{A4E1B598-F28E-47DE-B3F6-AA23D9DBBC2B}.Debug|ARM64.ActiveCfg = Debug
		{A4E1B598-F28E-47DE-B3F6-AA23D9DBBC2B}.Debug|x64.ActiveCfg = Debug
		{A4E1B598-F28E-47DE-B3F6-AA23D9DBBC2B}.Debug|x86.ActiveCfg = Debug
		{A4E1B598-F28E-47DE-B3F6-AA23D9DBBC2B}.Release|Any CPU.ActiveCfg = Release
		{A4E1B598-F28E-47DE-B3F6-AA23D9DBBC2B}.Release|ARM.ActiveCfg = Release
		{A4E1B598-F28E-47DE-B3F6-AA23D9DBBC2B}.Release|ARM64.ActiveCfg = Release
		{A4E1B598-F28E-47DE-B3F6-AA23D9DBBC2B}.Release|x64.ActiveCfg = Release
		{A4E1B598-F28E-47DE-B3F6-AA23D9DBBC2B}.Release|x86.ActiveCfg = Release
	EndGlobalSection
	GlobalSection(SolutionProperties) = preSolution
		HideSolutionNode = FALSE
	EndGlobalSection
	GlobalSection(ExtensibilityGlobals) = postSolution
		SolutionGuid = {A54BB77C-9169-435C-A091-A3C496361C9E}
	EndGlobalSection
EndGlobal
