
Microsoft Visual Studio Solution File, Format Version 12.00
# Visual Studio Version 17
VisualStudioVersion = 17.9.34701.34
MinimumVisualStudioVersion = 10.0.40219.1
Project("{9A19103F-16F7-4668-BE54-9A1E7A4F7556}") = "AutoFact", "AutoFact\AutoFact.csproj", "{F75FF14B-A3DF-41F2-B79C-DB9B9EC61AB9}"
EndProject
Project("{54435603-DBB4-11D2-8724-00A0C9A8B90C}") = "AutoFactSetup", "AutoFactSetup\AutoFactSetup.vdproj", "{DEAC6C40-686F-4BBB-B1DA-4D5BC88E484E}"
EndProject
Global
	GlobalSection(SolutionConfigurationPlatforms) = preSolution
		Debug|Any CPU = Debug|Any CPU
		Release|Any CPU = Release|Any CPU
	EndGlobalSection
	GlobalSection(ProjectConfigurationPlatforms) = postSolution
		{F75FF14B-A3DF-41F2-B79C-DB9B9EC61AB9}.Debug|Any CPU.ActiveCfg = Debug|Any CPU
		{F75FF14B-A3DF-41F2-B79C-DB9B9EC61AB9}.Debug|Any CPU.Build.0 = Debug|Any CPU
		{F75FF14B-A3DF-41F2-B79C-DB9B9EC61AB9}.Release|Any CPU.ActiveCfg = Release|Any CPU
		{F75FF14B-A3DF-41F2-B79C-DB9B9EC61AB9}.Release|Any CPU.Build.0 = Release|Any CPU
		{DEAC6C40-686F-4BBB-B1DA-4D5BC88E484E}.Debug|Any CPU.ActiveCfg = Debug
		{DEAC6C40-686F-4BBB-B1DA-4D5BC88E484E}.Release|Any CPU.ActiveCfg = Release
	EndGlobalSection
	GlobalSection(SolutionProperties) = preSolution
		HideSolutionNode = FALSE
	EndGlobalSection
	GlobalSection(ExtensibilityGlobals) = postSolution
		SolutionGuid = {A54BB77C-9169-435C-A091-A3C496361C9E}
	EndGlobalSection
EndGlobal
